
Microsoft Visual Studio Solution File, Format Version 12.00
Project("{FAE04EC0-301F-11D3-BF4B-00C04F79EFBC}") = "DataSec_Lab_07_PRJ", "DataSec_Lab_07_PRJ\DataSec_Lab_07_PRJ.csproj", "{5731C17E-C12D-4152-9B09-57A054E01484}"
EndProject
Global
	GlobalSection(SolutionConfigurationPlatforms) = preSolution
		Debug|Any CPU = Debug|Any CPU
		Release|Any CPU = Release|Any CPU
	EndGlobalSection
	GlobalSection(ProjectConfigurationPlatforms) = postSolution
		{5731C17E-C12D-4152-9B09-57A054E01484}.Debug|Any CPU.ActiveCfg = Debug|Any CPU
		{5731C17E-C12D-4152-9B09-57A054E01484}.Debug|Any CPU.Build.0 = Debug|Any CPU
		{5731C17E-C12D-4152-9B09-57A054E01484}.Release|Any CPU.ActiveCfg = Release|Any CPU
		{5731C17E-C12D-4152-9B09-57A054E01484}.Release|Any CPU.Build.0 = Release|Any CPU
	EndGlobalSection
EndGlobal
